
Microsoft Visual Studio Solution File, Format Version 12.00
# Visual Studio 15
Project("{FAE04EC0-301F-11D3-BF4B-00C04F79EFBC}") = "Assembly-CSharp", "Assembly-CSharp.csproj", "{3706B92D-6BE8-E86D-B4B9-982E2168BC63}"
EndProject
Project("{FAE04EC0-301F-11D3-BF4B-00C04F79EFBC}") = "Assembly-CSharp-Editor", "Assembly-CSharp-Editor.csproj", "{80791BCA-64A0-04CF-BFFF-1D25E44C23E9}"
EndProject
Global
	GlobalSection(SolutionConfigurationPlatforms) = preSolution
		Debug|Any CPU = Debug|Any CPU
		Release|Any CPU = Release|Any CPU
	EndGlobalSection
	GlobalSection(ProjectConfigurationPlatforms) = postSolution
		{3706B92D-6BE8-E86D-B4B9-982E2168BC63}.Debug|Any CPU.ActiveCfg = Debug|Any CPU
		{3706B92D-6BE8-E86D-B4B9-982E2168BC63}.Debug|Any CPU.Build.0 = Debug|Any CPU
		{3706B92D-6BE8-E86D-B4B9-982E2168BC63}.Release|Any CPU.ActiveCfg = Release|Any CPU
		{3706B92D-6BE8-E86D-B4B9-982E2168BC63}.Release|Any CPU.Build.0 = Release|Any CPU
		{80791BCA-64A0-04CF-BFFF-1D25E44C23E9}.Debug|Any CPU.ActiveCfg = Debug|Any CPU
		{80791BCA-64A0-04CF-BFFF-1D25E44C23E9}.Debug|Any CPU.Build.0 = Debug|Any CPU
		{80791BCA-64A0-04CF-BFFF-1D25E44C23E9}.Release|Any CPU.ActiveCfg = Release|Any CPU
		{80791BCA-64A0-04CF-BFFF-1D25E44C23E9}.Release|Any CPU.Build.0 = Release|Any CPU
	EndGlobalSection
	GlobalSection(SolutionProperties) = preSolution
		HideSolutionNode = FALSE
	EndGlobalSection
EndGlobal
